
Microsoft Visual Studio Solution File, Format Version 12.00
# Visual Studio Version 16
VisualStudioVersion = 16.0.31424.327
MinimumVisualStudioVersion = 10.0.40219.1
Project("{FAE04EC0-301F-11D3-BF4B-00C04F79EFBC}") = "Esercizio7", "Esercizio7\Esercizio7.csproj", "{0CC98A2A-FA64-4177-AE01-BC26AB642F85}"
EndProject
Global
	GlobalSection(SolutionConfigurationPlatforms) = preSolution
		Debug|Any CPU = Debug|Any CPU
		Release|Any CPU = Release|Any CPU
	EndGlobalSection
	GlobalSection(ProjectConfigurationPlatforms) = postSolution
		{0CC98A2A-FA64-4177-AE01-BC26AB642F85}.Debug|Any CPU.ActiveCfg = Debug|Any CPU
		{0CC98A2A-FA64-4177-AE01-BC26AB642F85}.Debug|Any CPU.Build.0 = Debug|Any CPU
		{0CC98A2A-FA64-4177-AE01-BC26AB642F85}.Release|Any CPU.ActiveCfg = Release|Any CPU
		{0CC98A2A-FA64-4177-AE01-BC26AB642F85}.Release|Any CPU.Build.0 = Release|Any CPU
	EndGlobalSection
	GlobalSection(SolutionProperties) = preSolution
		HideSolutionNode = FALSE
	EndGlobalSection
	GlobalSection(ExtensibilityGlobals) = postSolution
		SolutionGuid = {D815F04F-0868-445C-8E1E-C47D147B1401}
	EndGlobalSection
EndGlobal
